
Microsoft Visual Studio Solution File, Format Version 12.00
# Visual Studio 15
VisualStudioVersion = 15.0.26730.16
MinimumVisualStudioVersion = 10.0.40219.1
Project("{FAE04EC0-301F-11D3-BF4B-00C04F79EFBC}") = "VitrinaVirtual", "VitrinaVirtual\VitrinaVirtual.csproj", "{352970F9-26EA-459F-82C7-A6A59A6C56CC}"
EndProject
Global
	GlobalSection(SolutionConfigurationPlatforms) = preSolution
		Debug|Any CPU = Debug|Any CPU
		Release|Any CPU = Release|Any CPU
	EndGlobalSection
	GlobalSection(ProjectConfigurationPlatforms) = postSolution
		{352970F9-26EA-459F-82C7-A6A59A6C56CC}.Debug|Any CPU.ActiveCfg = Debug|Any CPU
		{352970F9-26EA-459F-82C7-A6A59A6C56CC}.Debug|Any CPU.Build.0 = Debug|Any CPU
		{352970F9-26EA-459F-82C7-A6A59A6C56CC}.Release|Any CPU.ActiveCfg = Release|Any CPU
		{352970F9-26EA-459F-82C7-A6A59A6C56CC}.Release|Any CPU.Build.0 = Release|Any CPU
	EndGlobalSection
	GlobalSection(SolutionProperties) = preSolution
		HideSolutionNode = FALSE
	EndGlobalSection
	GlobalSection(ExtensibilityGlobals) = postSolution
		SolutionGuid = {387AA82D-D680-4D45-86D4-5647D4A0418E}
	EndGlobalSection
EndGlobal
